<?xml version="1.0" encoding="utf-8"?>
<Project ToolsVersion="4.0" xmlns="http://schemas.microsoft.com/developer/msbuild/2003">
  <ItemGroup>
    <Filter Include="Resource Files">
      <UniqueIdentifier>{8a4f6f4e-cf0a-438a-9e75-87dce7344a43}</UniqueIdentifier>
    </Filter>
  </ItemGroup>
  <ItemGroup>
    <None Include="2048_output_example.ppm">
      <Filter>Resource Files</Filter>
    </None>
    <None Include="2048x2048PlainText.ppm">
      <Filter>Resource Files</Filter>
    </None>
    <None Include="Dog2048x2048.ppm">
      <Filter>Resource Files</Filter>
    </None>
    <None Include="DogPlainText2048x2048.ppm">
      <Filter>Resource Files</Filter>
    </None>
    <None Include="Sheffield16x16.ppm">
      <Filter>Resource Files</Filter>
    </None>
    <None Include="Sheffield512x512.ppm">
      <Filter>Resource Files</Filter>
    </None>
    <None Include="SheffieldPlainText16x16.ppm">
      <Filter>Resource Files</Filter>
    </None>
  </ItemGroup>
  <ItemGroup>
    <CudaCompile Include="mosaic.cu" />
  </ItemGroup>
</Project>